// !$*UTF8*$!
{
	archiveVersion = 1;
	classes = {
	};
	objectVersion = 46;
	objects = {

/* Begin PBXBuildFile section */
		E5FA8D89196CDF15004BD1BE /* Foundation.framework in Frameworks */ = {isa = PBXBuildFile; fileRef = E5FA8D88196CDF15004BD1BE /* Foundation.framework */; };
		E5FA8D8B196CDF15004BD1BE /* CoreGraphics.framework in Frameworks */ = {isa = PBXBuildFile; fileRef = E5FA8D8A196CDF15004BD1BE /* CoreGraphics.framework */; };
		E5FA8D8D196CDF15004BD1BE /* UIKit.framework in Frameworks */ = {isa = PBXBuildFile; fileRef = E5FA8D8C196CDF15004BD1BE /* UIKit.framework */; };
		E5FA8D93196CDF15004BD1BE /* InfoPlist.strings in Resources */ = {isa = PBXBuildFile; fileRef = E5FA8D91196CDF15004BD1BE /* InfoPlist.strings */; };
		E5FA8D95196CDF15004BD1BE /* main.m in Sources */ = {isa = PBXBuildFile; fileRef = E5FA8D94196CDF15004BD1BE /* main.m */; };
		E5FA8D99196CDF15004BD1BE /* AppDelegate.m in Sources */ = {isa = PBXBuildFile; fileRef = E5FA8D98196CDF15004BD1BE /* AppDelegate.m */; };
		E5FA8D9C196CDF15004BD1BE /* Main_iPhone.storyboard in Resources */ = {isa = PBXBuildFile; fileRef = E5FA8D9A196CDF15004BD1BE /* Main_iPhone.storyboard */; };
		E5FA8D9F196CDF15004BD1BE /* Main_iPad.storyboard in Resources */ = {isa = PBXBuildFile; fileRef = E5FA8D9D196CDF15004BD1BE /* Main_iPad.storyboard */; };
		E5FA8DA2196CDF15004BD1BE /* ViewController.m in Sources */ = {isa = PBXBuildFile; fileRef = E5FA8DA1196CDF15004BD1BE /* ViewController.m */; };
		E5FA8DA4196CDF15004BD1BE /* Images.xcassets in Resources */ = {isa = PBXBuildFile; fileRef = E5FA8DA3196CDF15004BD1BE /* Images.xcassets */; };
		E5FA8DAB196CDF15004BD1BE /* XCTest.framework in Frameworks */ = {isa = PBXBuildFile; fileRef = E5FA8DAA196CDF15004BD1BE /* XCTest.framework */; };
		E5FA8DAC196CDF15004BD1BE /* Foundation.framework in Frameworks */ = {isa = PBXBuildFile; fileRef = E5FA8D88196CDF15004BD1BE /* Foundation.framework */; };
		E5FA8DAD196CDF15004BD1BE /* UIKit.framework in Frameworks */ = {isa = PBXBuildFile; fileRef = E5FA8D8C196CDF15004BD1BE /* UIKit.framework */; };
		E5FA8DB5196CDF15004BD1BE /* InfoPlist.strings in Resources */ = {isa = PBXBuildFile; fileRef = E5FA8DB3196CDF15004BD1BE /* InfoPlist.strings */; };
		E5FA8DB7196CDF15004BD1BE /* owned_iMoodsTests.m in Sources */ = {isa = PBXBuildFile; fileRef = E5FA8DB6196CDF15004BD1BE /* owned_iMoodsTests.m */; };
/* End PBXBuildFile section */

/* Begin PBXContainerItemProxy section */
		E5FA8DAE196CDF15004BD1BE /* PBXContainerItemProxy */ = {
			isa = PBXContainerItemProxy;
			containerPortal = E5FA8D7D196CDF15004BD1BE /* Project object */;
			proxyType = 1;
			remoteGlobalIDString = E5FA8D84196CDF15004BD1BE;
			remoteInfo = "owned-iMoods";
		};
/* End PBXContainerItemProxy section */

/* Begin PBXFileReference section */
		E5FA8D85196CDF15004BD1BE /* owned-iMoods.app */ = {isa = PBXFileReference; explicitFileType = wrapper.application; includeInIndex = 0; path = "owned-iMoods.app"; sourceTree = BUILT_PRODUCTS_DIR; };
		E5FA8D88196CDF15004BD1BE /* Foundation.framework */ = {isa = PBXFileReference; lastKnownFileType = wrapper.framework; name = Foundation.framework; path = System/Library/Frameworks/Foundation.framework; sourceTree = SDKROOT; };
		E5FA8D8A196CDF15004BD1BE /* CoreGraphics.framework */ = {isa = PBXFileReference; lastKnownFileType = wrapper.framework; name = CoreGraphics.framework; path = System/Library/Frameworks/CoreGraphics.framework; sourceTree = SDKROOT; };
		E5FA8D8C196CDF15004BD1BE /* UIKit.framework */ = {isa = PBXFileReference; lastKnownFileType = wrapper.framework; name = UIKit.framework; path = System/Library/Frameworks/UIKit.framework; sourceTree = SDKROOT; };
		E5FA8D90196CDF15004BD1BE /* owned-iMoods-Info.plist */ = {isa = PBXFileReference; lastKnownFileType = text.plist.xml; path = "owned-iMoods-Info.plist"; sourceTree = "<group>"; };
		E5FA8D92196CDF15004BD1BE /* en */ = {isa = PBXFileReference; lastKnownFileType = text.plist.strings; name = en; path = en.lproj/InfoPlist.strings; sourceTree = "<group>"; };
		E5FA8D94196CDF15004BD1BE /* main.m */ = {isa = PBXFileReference; lastKnownFileType = sourcecode.c.objc; path = main.m; sourceTree = "<group>"; };
		E5FA8D96196CDF15004BD1BE /* owned-iMoods-Prefix.pch */ = {isa = PBXFileReference; lastKnownFileType = sourcecode.c.h; path = "owned-iMoods-Prefix.pch"; sourceTree = "<group>"; };
		E5FA8D97196CDF15004BD1BE /* AppDelegate.h */ = {isa = PBXFileReference; lastKnownFileType = sourcecode.c.h; path = AppDelegate.h; sourceTree = "<group>"; };
		E5FA8D98196CDF15004BD1BE /* AppDelegate.m */ = {isa = PBXFileReference; lastKnownFileType = sourcecode.c.objc; path = AppDelegate.m; sourceTree = "<group>"; };
		E5FA8D9B196CDF15004BD1BE /* Base */ = {isa = PBXFileReference; lastKnownFileType = file.storyboard; name = Base; path = Base.lproj/Main_iPhone.storyboard; sourceTree = "<group>"; };
		E5FA8D9E196CDF15004BD1BE /* Base */ = {isa = PBXFileReference; lastKnownFileType = file.storyboard; name = Base; path = Base.lproj/Main_iPad.storyboard; sourceTree = "<group>"; };
		E5FA8DA0196CDF15004BD1BE /* ViewController.h */ = {isa = PBXFileReference; lastKnownFileType = sourcecode.c.h; path = ViewController.h; sourceTree = "<group>"; };
		E5FA8DA1196CDF15004BD1BE /* ViewController.m */ = {isa = PBXFileReference; lastKnownFileType = sourcecode.c.objc; path = ViewController.m; sourceTree = "<group>"; };
		E5FA8DA3196CDF15004BD1BE /* Images.xcassets */ = {isa = PBXFileReference; lastKnownFileType = folder.assetcatalog; path = Images.xcassets; sourceTree = "<group>"; };
		E5FA8DA9196CDF15004BD1BE /* owned-iMoodsTests.xctest */ = {isa = PBXFileReference; explicitFileType = wrapper.cfbundle; includeInIndex = 0; path = "owned-iMoodsTests.xctest"; sourceTree = BUILT_PRODUCTS_DIR; };
		E5FA8DAA196CDF15004BD1BE /* XCTest.framework */ = {isa = PBXFileReference; lastKnownFileType = wrapper.framework; name = XCTest.framework; path = Library/Frameworks/XCTest.framework; sourceTree = DEVELOPER_DIR; };
		E5FA8DB2196CDF15004BD1BE /* owned-iMoodsTests-Info.plist */ = {isa = PBXFileReference; lastKnownFileType = text.plist.xml; path = "owned-iMoodsTests-Info.plist"; sourceTree = "<group>"; };
		E5FA8DB4196CDF15004BD1BE /* en */ = {isa = PBXFileReference; lastKnownFileType = text.plist.strings; name = en; path = en.lproj/InfoPlist.strings; sourceTree = "<group>"; };
		E5FA8DB6196CDF15004BD1BE /* owned_iMoodsTests.m */ = {isa = PBXFileReference; lastKnownFileType = sourcecode.c.objc; path = owned_iMoodsTests.m; sourceTree = "<group>"; };
/* End PBXFileReference section */

/* Begin PBXFrameworksBuildPhase section */
		E5FA8D82196CDF15004BD1BE /* Frameworks */ = {
			isa = PBXFrameworksBuildPhase;
			buildActionMask = 2147483647;
			files = (
				E5FA8D8B196CDF15004BD1BE /* CoreGraphics.framework in Frameworks */,
				E5FA8D8D196CDF15004BD1BE /* UIKit.framework in Frameworks */,
				E5FA8D89196CDF15004BD1BE /* Foundation.framework in Frameworks */,
			);
			runOnlyForDeploymentPostprocessing = 0;
		};
		E5FA8DA6196CDF15004BD1BE /* Frameworks */ = {
			isa = PBXFrameworksBuildPhase;
			buildActionMask = 2147483647;
			files = (
				E5FA8DAB196CDF15004BD1BE /* XCTest.framework in Frameworks */,
				E5FA8DAD196CDF15004BD1BE /* UIKit.framework in Frameworks */,
				E5FA8DAC196CDF15004BD1BE /* Foundation.framework in Frameworks */,
			);
			runOnlyForDeploymentPostprocessing = 0;
		};
/* End PBXFrameworksBuildPhase section */

/* Begin PBXGroup section */
		E5FA8D7C196CDF15004BD1BE = {
			isa = PBXGroup;
			children = (
				E5FA8D8E196CDF15004BD1BE /* owned-iMoods */,
				E5FA8DB0196CDF15004BD1BE /* owned-iMoodsTests */,
				E5FA8D87196CDF15004BD1BE /* Frameworks */,
				E5FA8D86196CDF15004BD1BE /* Products */,
			);
			sourceTree = "<group>";
		};
		E5FA8D86196CDF15004BD1BE /* Products */ = {
			isa = PBXGroup;
			children = (
				E5FA8D85196CDF15004BD1BE /* owned-iMoods.app */,
				E5FA8DA9196CDF15004BD1BE /* owned-iMoodsTests.xctest */,
			);
			name = Products;
			sourceTree = "<group>";
		};
		E5FA8D87196CDF15004BD1BE /* Frameworks */ = {
			isa = PBXGroup;
			children = (
				E5FA8D88196CDF15004BD1BE /* Foundation.framework */,
				E5FA8D8A196CDF15004BD1BE /* CoreGraphics.framework */,
				E5FA8D8C196CDF15004BD1BE /* UIKit.framework */,
				E5FA8DAA196CDF15004BD1BE /* XCTest.framework */,
			);
			name = Frameworks;
			sourceTree = "<group>";
		};
		E5FA8D8E196CDF15004BD1BE /* owned-iMoods */ = {
			isa = PBXGroup;
			children = (
				E5FA8D97196CDF15004BD1BE /* AppDelegate.h */,
				E5FA8D98196CDF15004BD1BE /* AppDelegate.m */,
				E5FA8D9A196CDF15004BD1BE /* Main_iPhone.storyboard */,
				E5FA8D9D196CDF15004BD1BE /* Main_iPad.storyboard */,
				E5FA8DA0196CDF15004BD1BE /* ViewController.h */,
				E5FA8DA1196CDF15004BD1BE /* ViewController.m */,
				E5FA8DA3196CDF15004BD1BE /* Images.xcassets */,
				E5FA8D8F196CDF15004BD1BE /* Supporting Files */,
			);
			path = "owned-iMoods";
			sourceTree = "<group>";
		};
		E5FA8D8F196CDF15004BD1BE /* Supporting Files */ = {
			isa = PBXGroup;
			children = (
				E5FA8D90196CDF15004BD1BE /* owned-iMoods-Info.plist */,
				E5FA8D91196CDF15004BD1BE /* InfoPlist.strings */,
				E5FA8D94196CDF15004BD1BE /* main.m */,
				E5FA8D96196CDF15004BD1BE /* owned-iMoods-Prefix.pch */,
			);
			name = "Supporting Files";
			sourceTree = "<group>";
		};
		E5FA8DB0196CDF15004BD1BE /* owned-iMoodsTests */ = {
			isa = PBXGroup;
			children = (
				E5FA8DB6196CDF15004BD1BE /* owned_iMoodsTests.m */,
				E5FA8DB1196CDF15004BD1BE /* Supporting Files */,
			);
			path = "owned-iMoodsTests";
			sourceTree = "<group>";
		};
		E5FA8DB1196CDF15004BD1BE /* Supporting Files */ = {
			isa = PBXGroup;
			children = (
				E5FA8DB2196CDF15004BD1BE /* owned-iMoodsTests-Info.plist */,
				E5FA8DB3196CDF15004BD1BE /* InfoPlist.strings */,
			);
			name = "Supporting Files";
			sourceTree = "<group>";
		};
/* End PBXGroup section */

/* Begin PBXNativeTarget section */
		E5FA8D84196CDF15004BD1BE /* owned-iMoods */ = {
			isa = PBXNativeTarget;
			buildConfigurationList = E5FA8DBA196CDF15004BD1BE /* Build configuration list for PBXNativeTarget "owned-iMoods" */;
			buildPhases = (
				E5FA8D81196CDF15004BD1BE /* Sources */,
				E5FA8D82196CDF15004BD1BE /* Frameworks */,
				E5FA8D83196CDF15004BD1BE /* Resources */,
			);
			buildRules = (
			);
			dependencies = (
			);
			name = "owned-iMoods";
			productName = "owned-iMoods";
			productReference = E5FA8D85196CDF15004BD1BE /* owned-iMoods.app */;
			productType = "com.apple.product-type.application";
		};
		E5FA8DA8196CDF15004BD1BE /* owned-iMoodsTests */ = {
			isa = PBXNativeTarget;
			buildConfigurationList = E5FA8DBD196CDF15004BD1BE /* Build configuration list for PBXNativeTarget "owned-iMoodsTests" */;
			buildPhases = (
				E5FA8DA5196CDF15004BD1BE /* Sources */,
				E5FA8DA6196CDF15004BD1BE /* Frameworks */,
				E5FA8DA7196CDF15004BD1BE /* Resources */,
			);
			buildRules = (
			);
			dependencies = (
				E5FA8DAF196CDF15004BD1BE /* PBXTargetDependency */,
			);
			name = "owned-iMoodsTests";
			productName = "owned-iMoodsTests";
			productReference = E5FA8DA9196CDF15004BD1BE /* owned-iMoodsTests.xctest */;
			productType = "com.apple.product-type.bundle.unit-test";
		};
/* End PBXNativeTarget section */

/* Begin PBXProject section */
		E5FA8D7D196CDF15004BD1BE /* Project object */ = {
			isa = PBXProject;
			attributes = {
				LastUpgradeCheck = 0510;
				ORGANIZATIONNAME = huy;
				TargetAttributes = {
					E5FA8DA8196CDF15004BD1BE = {
						TestTargetID = E5FA8D84196CDF15004BD1BE;
					};
				};
			};
			buildConfigurationList = E5FA8D80196CDF15004BD1BE /* Build configuration list for PBXProject "owned-iMoods" */;
			compatibilityVersion = "Xcode 3.2";
			developmentRegion = English;
			hasScannedForEncodings = 0;
			knownRegions = (
				en,
				Base,
			);
			mainGroup = E5FA8D7C196CDF15004BD1BE;
			productRefGroup = E5FA8D86196CDF15004BD1BE /* Products */;
			projectDirPath = "";
			projectRoot = "";
			targets = (
				E5FA8D84196CDF15004BD1BE /* owned-iMoods */,
				E5FA8DA8196CDF15004BD1BE /* owned-iMoodsTests */,
			);
		};
/* End PBXProject section */

/* Begin PBXResourcesBuildPhase section */
		E5FA8D83196CDF15004BD1BE /* Resources */ = {
			isa = PBXResourcesBuildPhase;
			buildActionMask = 2147483647;
			files = (
				E5FA8D9F196CDF15004BD1BE /* Main_iPad.storyboard in Resources */,
				E5FA8DA4196CDF15004BD1BE /* Images.xcassets in Resources */,
				E5FA8D9C196CDF15004BD1BE /* Main_iPhone.storyboard in Resources */,
				E5FA8D93196CDF15004BD1BE /* InfoPlist.strings in Resources */,
			);
			runOnlyForDeploymentPostprocessing = 0;
		};
		E5FA8DA7196CDF15004BD1BE /* Resources */ = {
			isa = PBXResourcesBuildPhase;
			buildActionMask = 2147483647;
			files = (
				E5FA8DB5196CDF15004BD1BE /* InfoPlist.strings in Resources */,
			);
			runOnlyForDeploymentPostprocessing = 0;
		};
/* End PBXResourcesBuildPhase section */

/* Begin PBXSourcesBuildPhase section */
		E5FA8D81196CDF15004BD1BE /* Sources */ = {
			isa = PBXSourcesBuildPhase;
			buildActionMask = 2147483647;
			files = (
				E5FA8DA2196CDF15004BD1BE /* ViewController.m in Sources */,
				E5FA8D99196CDF15004BD1BE /* AppDelegate.m in Sources */,
				E5FA8D95196CDF15004BD1BE /* main.m in Sources */,
			);
			runOnlyForDeploymentPostprocessing = 0;
		};
		E5FA8DA5196CDF15004BD1BE /* Sources */ = {
			isa = PBXSourcesBuildPhase;
			buildActionMask = 2147483647;
			files = (
				E5FA8DB7196CDF15004BD1BE /* owned_iMoodsTests.m in Sources */,
			);
			runOnlyForDeploymentPostprocessing = 0;
		};
/* End PBXSourcesBuildPhase section */

/* Begin PBXTargetDependency section */
		E5FA8DAF196CDF15004BD1BE /* PBXTargetDependency */ = {
			isa = PBXTargetDependency;
			target = E5FA8D84196CDF15004BD1BE /* owned-iMoods */;
			targetProxy = E5FA8DAE196CDF15004BD1BE /* PBXContainerItemProxy */;
		};
/* End PBXTargetDependency section */

/* Begin PBXVariantGroup section */
		E5FA8D91196CDF15004BD1BE /* InfoPlist.strings */ = {
			isa = PBXVariantGroup;
			children = (
				E5FA8D92196CDF15004BD1BE /* en */,
			);
			name = InfoPlist.strings;
			sourceTree = "<group>";
		};
		E5FA8D9A196CDF15004BD1BE /* Main_iPhone.storyboard */ = {
			isa = PBXVariantGroup;
			children = (
				E5FA8D9B196CDF15004BD1BE /* Base */,
			);
			name = Main_iPhone.storyboard;
			sourceTree = "<group>";
		};
		E5FA8D9D196CDF15004BD1BE /* Main_iPad.storyboard */ = {
			isa = PBXVariantGroup;
			children = (
				E5FA8D9E196CDF15004BD1BE /* Base */,
			);
			name = Main_iPad.storyboard;
			sourceTree = "<group>";
		};
		E5FA8DB3196CDF15004BD1BE /* InfoPlist.strings */ = {
			isa = PBXVariantGroup;
			children = (
				E5FA8DB4196CDF15004BD1BE /* en */,
			);
			name = InfoPlist.strings;
			sourceTree = "<group>";
		};
/* End PBXVariantGroup section */

/* Begin XCBuildConfiguration section */
		E5FA8DB8196CDF15004BD1BE /* Debug */ = {
			isa = XCBuildConfiguration;
			buildSettings = {
				ALWAYS_SEARCH_USER_PATHS = NO;
				CLANG_CXX_LANGUAGE_STANDARD = "gnu++0x";
				CLANG_CXX_LIBRARY = "libc++";
				CLANG_ENABLE_MODULES = YES;
				CLANG_ENABLE_OBJC_ARC = YES;
				CLANG_WARN_BOOL_CONVERSION = YES;
				CLANG_WARN_CONSTANT_CONVERSION = YES;
				CLANG_WARN_DIRECT_OBJC_ISA_USAGE = YES_ERROR;
				CLANG_WARN_EMPTY_BODY = YES;
				CLANG_WARN_ENUM_CONVERSION = YES;
				CLANG_WARN_INT_CONVERSION = YES;
				CLANG_WARN_OBJC_ROOT_CLASS = YES_ERROR;
				CLANG_WARN__DUPLICATE_METHOD_MATCH = YES;
				"CODE_SIGN_IDENTITY[sdk=iphoneos*]" = "iPhone Developer";
				COPY_PHASE_STRIP = NO;
				GCC_C_LANGUAGE_STANDARD = gnu99;
				GCC_DYNAMIC_NO_PIC = NO;
				GCC_OPTIMIZATION_LEVEL = 0;
				GCC_PREPROCESSOR_DEFINITIONS = (
					"DEBUG=1",
					"$(inherited)",
				);
				GCC_SYMBOLS_PRIVATE_EXTERN = NO;
				GCC_WARN_64_TO_32_BIT_CONVERSION = YES;
				GCC_WARN_ABOUT_RETURN_TYPE = YES_ERROR;
				GCC_WARN_UNDECLARED_SELECTOR = YES;
				GCC_WARN_UNINITIALIZED_AUTOS = YES_AGGRESSIVE;
				GCC_WARN_UNUSED_FUNCTION = YES;
				GCC_WARN_UNUSED_VARIABLE = YES;
				IPHONEOS_DEPLOYMENT_TARGET = 7.1;
				ONLY_ACTIVE_ARCH = YES;
				SDKROOT = iphoneos;
				TARGETED_DEVICE_FAMILY = "1,2";
			};
			name = Debug;
		};
		E5FA8DB9196CDF15004BD1BE /* Release */ = {
			isa = XCBuildConfiguration;
			buildSettings = {
				ALWAYS_SEARCH_USER_PATHS = NO;
				CLANG_CXX_LANGUAGE_STANDARD = "gnu++0x";
				CLANG_CXX_LIBRARY = "libc++";
				CLANG_ENABLE_MODULES = YES;
				CLANG_ENABLE_OBJC_ARC = YES;
				CLANG_WARN_BOOL_CONVERSION = YES;
				CLANG_WARN_CONSTANT_CONVERSION = YES;
				CLANG_WARN_DIRECT_OBJC_ISA_USAGE = YES_ERROR;
				CLANG_WARN_EMPTY_BODY = YES;
				CLANG_WARN_ENUM_CONVERSION = YES;
				CLANG_WARN_INT_CONVERSION = YES;
				CLANG_WARN_OBJC_ROOT_CLASS = YES_ERROR;
				CLANG_WARN__DUPLICATE_METHOD_MATCH = YES;
				"CODE_SIGN_IDENTITY[sdk=iphoneos*]" = "iPhone Developer";
				COPY_PHASE_STRIP = YES;
				ENABLE_NS_ASSERTIONS = NO;
				GCC_C_LANGUAGE_STANDARD = gnu99;
				GCC_WARN_64_TO_32_BIT_CONVERSION = YES;
				GCC_WARN_ABOUT_RETURN_TYPE = YES_ERROR;
				GCC_WARN_UNDECLARED_SELECTOR = YES;
				GCC_WARN_UNINITIALIZED_AUTOS = YES_AGGRESSIVE;
				GCC_WARN_UNUSED_FUNCTION = YES;
				GCC_WARN_UNUSED_VARIABLE = YES;
				IPHONEOS_DEPLOYMENT_TARGET = 7.1;
				SDKROOT = iphoneos;
				TARGETED_DEVICE_FAMILY = "1,2";
				VALIDATE_PRODUCT = YES;
			};
			name = Release;
		};
		E5FA8DBB196CDF15004BD1BE /* Debug */ = {
			isa = XCBuildConfiguration;
			buildSettings = {
				ASSETCATALOG_COMPILER_APPICON_NAME = AppIcon;
				ASSETCATALOG_COMPILER_LAUNCHIMAGE_NAME = LaunchImage;
				GCC_PRECOMPILE_PREFIX_HEADER = YES;
				GCC_PREFIX_HEADER = "owned-iMoods/owned-iMoods-Prefix.pch";
				INFOPLIST_FILE = "owned-iMoods/owned-iMoods-Info.plist";
				PRODUCT_NAME = "$(TARGET_NAME)";
				WRAPPER_EXTENSION = app;
			};
			name = Debug;
		};
		E5FA8DBC196CDF15004BD1BE /* Release */ = {
			isa = XCBuildConfiguration;
			buildSettings = {
				ASSETCATALOG_COMPILER_APPICON_NAME = AppIcon;
				ASSETCATALOG_COMPILER_LAUNCHIMAGE_NAME = LaunchImage;
				GCC_PRECOMPILE_PREFIX_HEADER = YES;
				GCC_PREFIX_HEADER = "owned-iMoods/owned-iMoods-Prefix.pch";
				INFOPLIST_FILE = "owned-iMoods/owned-iMoods-Info.plist";
				PRODUCT_NAME = "$(TARGET_NAME)";
				WRAPPER_EXTENSION = app;
			};
			name = Release;
		};
		E5FA8DBE196CDF15004BD1BE /* Debug */ = {
			isa = XCBuildConfiguration;
			buildSettings = {
				BUNDLE_LOADER = "$(BUILT_PRODUCTS_DIR)/owned-iMoods.app/owned-iMoods";
				FRAMEWORK_SEARCH_PATHS = (
					"$(SDKROOT)/Developer/Library/Frameworks",
					"$(inherited)",
					"$(DEVELOPER_FRAMEWORKS_DIR)",
				);
				GCC_PRECOMPILE_PREFIX_HEADER = YES;
				GCC_PREFIX_HEADER = "owned-iMoods/owned-iMoods-Prefix.pch";
				GCC_PREPROCESSOR_DEFINITIONS = (
					"DEBUG=1",
					"$(inherited)",
				);
				INFOPLIST_FILE = "owned-iMoodsTests/owned-iMoodsTests-Info.plist";
				PRODUCT_NAME = "$(TARGET_NAME)";
				TEST_HOST = "$(BUNDLE_LOADER)";
				WRAPPER_EXTENSION = xctest;
			};
			name = Debug;
		};
		E5FA8DBF196CDF15004BD1BE /* Release */ = {
			isa = XCBuildConfiguration;
			buildSettings = {
				BUNDLE_LOADER = "$(BUILT_PRODUCTS_DIR)/owned-iMoods.app/owned-iMoods";
				FRAMEWORK_SEARCH_PATHS = (
					"$(SDKROOT)/Developer/Library/Frameworks",
					"$(inherited)",
					"$(DEVELOPER_FRAMEWORKS_DIR)",
				);
				GCC_PRECOMPILE_PREFIX_HEADER = YES;
				GCC_PREFIX_HEADER = "owned-iMoods/owned-iMoods-Prefix.pch";
				INFOPLIST_FILE = "owned-iMoodsTests/owned-iMoodsTests-Info.plist";
				PRODUCT_NAME = "$(TARGET_NAME)";
				TEST_HOST = "$(BUNDLE_LOADER)";
				WRAPPER_EXTENSION = xctest;
			};
			name = Release;
		};
/* End XCBuildConfiguration section */

/* Begin XCConfigurationList section */
		E5FA8D80196CDF15004BD1BE /* Build configuration list for PBXProject "owned-iMoods" */ = {
			isa = XCConfigurationList;
			buildConfigurations = (
				E5FA8DB8196CDF15004BD1BE /* Debug */,
				E5FA8DB9196CDF15004BD1BE /* Release */,
			);
			defaultConfigurationIsVisible = 0;
			defaultConfigurationName = Release;
		};
		E5FA8DBA196CDF15004BD1BE /* Build configuration list for PBXNativeTarget "owned-iMoods" */ = {
			isa = XCConfigurationList;
			buildConfigurations = (
				E5FA8DBB196CDF15004BD1BE /* Debug */,
				E5FA8DBC196CDF15004BD1BE /* Release */,
			);
			defaultConfigurationIsVisible = 0;
		};
		E5FA8DBD196CDF15004BD1BE /* Build configuration list for PBXNativeTarget "owned-iMoodsTests" */ = {
			isa = XCConfigurationList;
			buildConfigurations = (
				E5FA8DBE196CDF15004BD1BE /* Debug */,
				E5FA8DBF196CDF15004BD1BE /* Release */,
			);
			defaultConfigurationIsVisible = 0;
		};
/* End XCConfigurationList section */
	};
	rootObject = E5FA8D7D196CDF15004BD1BE /* Project object */;
}
